Microsoft Visual Studio Solution File, Format Version 12.00
# Visual Studio 2012
Project("{FAE04EC0-301F-11D3-BF4B-00C04F79EFBC}") = "Coevery.Web", "Coevery.Web\Coevery.Web.csproj", "{50B779EA-EC00-4699-84C0-03B395C365D2}"
EndProject
Project("{FAE04EC0-301F-11D3-BF4B-00C04F79EFBC}") = "Coevery.Core", "Coevery.Web\Core\Coevery.Core.csproj", "{9916839C-39FC-4CEB-A5AF-89CA7E87119F}"
EndProject
Project("{FAE04EC0-301F-11D3-BF4B-00C04F79EFBC}") = "Themes", "Coevery.Web\Themes\Themes.csproj", "{CB70A642-8CEC-4DDE-8C9F-AD08900EC98D}"
EndProject
Project("{FAE04EC0-301F-11D3-BF4B-00C04F79EFBC}") = "Mooncake", "Coevery.Web\Themes\Mooncake\Mooncake.csproj", "{53B42C1F-2A9C-43F5-90C2-94C0D002C86F}"
EndProject
Project("{FAE04EC0-301F-11D3-BF4B-00C04F79EFBC}") = "Coevery.Alias", "Coevery.Web\Modules\Coevery.Alias\Coevery.Alias.csproj", "{475B6C45-B27C-438B-8966-908B9D6D1077}"
EndProject
Project("{FAE04EC0-301F-11D3-BF4B-00C04F79EFBC}") = "Coevery.AngularJS", "Coevery.Web\Modules\Coevery.AngularJS\Coevery.AngularJS.csproj", "{E8024E69-A92A-4264-8FD3-9878C689837C}"
EndProject
Project("{FAE04EC0-301F-11D3-BF4B-00C04F79EFBC}") = "Coevery.Autoroute", "Coevery.Web\Modules\Coevery.Autoroute\Coevery.Autoroute.csproj", "{66FCCD76-2761-47E3-8D11-B45D0001DDAA}"
EndProject
Project("{FAE04EC0-301F-11D3-BF4B-00C04F79EFBC}") = "Coevery.ContentPicker", "Coevery.Web\Modules\Coevery.ContentPicker\Coevery.ContentPicker.csproj", "{F301EF7D-F19C-4D83-AA94-CB64F29C037D}"
EndProject
Project("{FAE04EC0-301F-11D3-BF4B-00C04F79EFBC}") = "Coevery.Common", "Coevery.Web\Modules\Coevery.Common\Coevery.Common.csproj", "{9F68EB9E-D609-4DFA-85B6-1F642DB80E6D}"
EndProject
Project("{FAE04EC0-301F-11D3-BF4B-00C04F79EFBC}") = "Coevery.CRM.Convertor", "Coevery.Web\Modules\Coevery.CRM.Convertor\Coevery.CRM.Convertor.csproj", "{A60729BC-D7E2-4554-AA49-C29D76E0A898}"
EndProject
Project("{FAE04EC0-301F-11D3-BF4B-00C04F79EFBC}") = "Coevery.DynamicTypes", "Coevery.Web\Modules\Coevery.DynamicTypes\Coevery.DynamicTypes.csproj", "{D87E3B20-7088-4728-9BDC-7B8FF8DCE06D}"
EndProject
Project("{FAE04EC0-301F-11D3-BF4B-00C04F79EFBC}") = "Coevery.Entities", "Coevery.Web\Modules\Coevery.Entities\Coevery.Entities.csproj", "{BD9AEC06-5C81-4221-A817-408FB0C4B6C0}"
EndProject
Project("{FAE04EC0-301F-11D3-BF4B-00C04F79EFBC}") = "Coevery.Fields", "Coevery.Web\Modules\Coevery.Fields\Coevery.Fields.csproj", "{02210E84-AE96-4CAD-9127-C7840308C396}"
EndProject
Project("{FAE04EC0-301F-11D3-BF4B-00C04F79EFBC}") = "Coevery.FormDesigner", "Coevery.Web\Modules\Coevery.FormDesigner\Coevery.FormDesigner.csproj", "{1579E706-CD05-4339-A19C-6778E586EC03}"
EndProject
Project("{FAE04EC0-301F-11D3-BF4B-00C04F79EFBC}") = "Coevery.Forms", "Coevery.Web\Modules\Coevery.Forms\Coevery.Forms.csproj", "{642A49D7-8752-4177-80D6-BFBBCFAD3DE0}"
EndProject
Project("{FAE04EC0-301F-11D3-BF4B-00C04F79EFBC}") = "Coevery.jQuery", "Coevery.Web\Modules\Coevery.jQuery\Coevery.jQuery.csproj", "{8F116B06-1C0E-4E4C-9A0A-D2FAB851E768}"
EndProject
Project("{FAE04EC0-301F-11D3-BF4B-00C04F79EFBC}") = "Coevery.Modules", "Coevery.Web\Modules\Coevery.Modules\Coevery.Modules.csproj", "{17F86780-9A1F-4AA1-86F1-875EEC2730C7}"
EndProject
Project("{FAE04EC0-301F-11D3-BF4B-00C04F79EFBC}") = "Coevery.OptionSet", "Coevery.Web\Modules\Coevery.OptionSet\Coevery.OptionSet.csproj", "{816560FF-2267-4CA1-8E24-635431F8D8C8}"
EndProject
Project("{FAE04EC0-301F-11D3-BF4B-00C04F79EFBC}") = "Coevery.Packaging", "Coevery.Web\Modules\Coevery.Packaging\Coevery.Packaging.csproj", "{DFD137A2-DDB5-4D22-BE0D-FA9AD4C8B059}"
EndProject
Project("{FAE04EC0-301F-11D3-BF4B-00C04F79EFBC}") = "Coevery.Perspectives", "Coevery.Web\Modules\Coevery.Perspectives\Coevery.Perspectives.csproj", "{7BF518B5-DC57-4E5D-99C4-553DF5D89FF4}"
EndProject
Project("{FAE04EC0-301F-11D3-BF4B-00C04F79EFBC}") = "Coevery.Projections", "Coevery.Web\Modules\Coevery.Projections\Coevery.Projections.csproj", "{C8EA0D61-05BA-404F-B658-F75DB9DE2D61}"
EndProject
Project("{FAE04EC0-301F-11D3-BF4B-00C04F79EFBC}") = "Coevery.Recipes", "Coevery.Web\Modules\Coevery.Recipes\Coevery.Recipes.csproj", "{FC1D74E8-7A4D-48F4-83DE-95C6173780C4}"
EndProject
Project("{FAE04EC0-301F-11D3-BF4B-00C04F79EFBC}") = "Coevery.Relationship", "Coevery.Web\Modules\Coevery.Relationship\Coevery.Relationship.csproj", "{F10B6E1F-27A1-4383-862C-3437B6E73827}"
EndProject
Project("{FAE04EC0-301F-11D3-BF4B-00C04F79EFBC}") = "Coevery.Roles", "Coevery.Web\Modules\Coevery.Roles\Coevery.Roles.csproj", "{D10AD48F-407D-4DB5-A328-173EC7CB010F}"
EndProject
Project("{FAE04EC0-301F-11D3-BF4B-00C04F79EFBC}") = "Coevery.Scripting", "Coevery.Web\Modules\Coevery.Scripting\Coevery.Scripting.csproj", "{99002B65-86F7-415E-BF4A-381AA8AB9CCC}"
EndProject
Project("{FAE04EC0-301F-11D3-BF4B-00C04F79EFBC}") = "Coevery.Scripting.CSharp", "Coevery.Web\Modules\Coevery.Scripting.CSharp\Coevery.Scripting.CSharp.csproj", "{5D13EF34-8B39-4EC5-847F-E12892ACF841}"
EndProject
Project("{FAE04EC0-301F-11D3-BF4B-00C04F79EFBC}") = "Coevery.Setup", "Coevery.Web\Modules\Coevery.Setup\Coevery.Setup.csproj", "{8C7FCBC2-E6E1-405E-BFB5-D8D9E67A09C4}"
EndProject
Project("{FAE04EC0-301F-11D3-BF4B-00C04F79EFBC}") = "Coevery.SiteReset", "Coevery.Web\Modules\Coevery.SiteReset\Coevery.SiteReset.csproj", "{60B1218D-B9A3-468B-8B7A-9C90A057168B}"
EndProject
Project("{FAE04EC0-301F-11D3-BF4B-00C04F79EFBC}") = "Coevery.Themes", "Coevery.Web\Modules\Coevery.Themes\Coevery.Themes.csproj", "{CDE24A24-01D3-403C-84B9-37722E18DFB7}"
EndProject
Project("{FAE04EC0-301F-11D3-BF4B-00C04F79EFBC}") = "Coevery.Tokens", "Coevery.Web\Modules\Coevery.Tokens\Coevery.Tokens.csproj", "{6F759635-13D7-4E94-BCC9-80445D63F117}"
EndProject
Project("{FAE04EC0-301F-11D3-BF4B-00C04F79EFBC}") = "Coevery.Users", "Coevery.Web\Modules\Coevery.Users\Coevery.Users.csproj", "{79AED36E-ABD0-4747-93D3-8722B042454B}"
EndProject
Project("{FAE04EC0-301F-11D3-BF4B-00C04F79EFBC}") = "Coevery.Widgets", "Coevery.Web\Modules\Coevery.Widgets\Coevery.Widgets.csproj", "{194D3CCC-1153-474D-8176-FDE8D7D0D0BD}"
EndProject
Project("{FAE04EC0-301F-11D3-BF4B-00C04F79EFBC}") = "Coevery.Workflows", "Coevery.Web\Modules\Coevery.Workflows\Coevery.Workflows.csproj", "{7059493C-8251-4764-9C1E-2368B8B485BC}"
EndProject
Project("{FAE04EC0-301F-11D3-BF4B-00C04F79EFBC}") = "Coevery.Framework", "Coevery\Coevery.Framework.csproj", "{2D1D92BB-4555-4CBE-8D0E-63563D6CE4C6}"
EndProject
Project("{FAE04EC0-301F-11D3-BF4B-00C04F79EFBC}") = "Coevery.WarmupStarter", "Coevery.WarmupStarter\Coevery.WarmupStarter.csproj", "{5C0D5249-AEF5-4BB6-8F5F-057B91AC2D7A}"
EndProject
Project("{FAE04EC0-301F-11D3-BF4B-00C04F79EFBC}") = "Coevery.Scripting.Dlr", "Coevery.Web\Modules\Coevery.Scripting.Dlr\Coevery.Scripting.Dlr.csproj", "{2AD6973D-C7BB-416E-89FE-EEE34664E05F}"
EndProject
Project("{FAE04EC0-301F-11D3-BF4B-00C04F79EFBC}") = "Coevery.PublishLater", "Coevery.Web\Modules\Coevery.PublishLater\Coevery.PublishLater.csproj", "{C889167C-E52C-4A65-A419-224B3D1B957D}"
EndProject
Project("{2150E333-8FDC-42A3-9474-1A3956D46DE8}") = "Modules", "Modules", "{909562F5-C68D-434E-B2BB-AA0843ED7698}"
EndProject
Project("{2150E333-8FDC-42A3-9474-1A3956D46DE8}") = "Theme", "Theme", "{541DC160-D4F9-4DE7-B119-B504442F76F1}"
EndProject
Project("{2150E333-8FDC-42A3-9474-1A3956D46DE8}") = "Spec", "Spec", "{0E5E74BB-E4BA-4770-8537-0080AEFA715E}"
EndProject
Project("{2150E333-8FDC-42A3-9474-1A3956D46DE8}") = "Tests", "Tests", "{5C170F6B-6E28-4E6A-B5F5-082D99FC12A6}"
EndProject
Project("{FAE04EC0-301F-11D3-BF4B-00C04F79EFBC}") = "Coevery.Framework.Tests", "Coevery.Tests\Coevery.Framework.Tests.csproj", "{ABC826D4-2FA1-4F2F-87DE-E6095F653810}"
EndProject
Project("{FAE04EC0-301F-11D3-BF4B-00C04F79EFBC}") = "Coevery.Web.Tests", "Coevery.Web.Tests\Coevery.Web.Tests.csproj", "{F112851D-B023-4746-B6B1-8D2E5AD8F7AA}"
EndProject
Project("{FAE04EC0-301F-11D3-BF4B-00C04F79EFBC}") = "Coevery.Core.Tests", "Coevery.Core.Tests\Coevery.Core.Tests.csproj", "{2FC1D9C8-446D-4414-B252-5E9FBE61EB63}"
EndProject
Project("{FAE04EC0-301F-11D3-BF4B-00C04F79EFBC}") = "Coevery.Tests.Modules", "Coevery.Tests.Modules\Coevery.Tests.Modules.csproj", "{6CB3EB30-F725-45C0-9742-42599BA8E8D2}"
EndProject
Project("{FAE04EC0-301F-11D3-BF4B-00C04F79EFBC}") = "Coevery.CodeGeneration", "Coevery.Web\Modules\Coevery.CodeGeneration\Coevery.CodeGeneration.csproj", "{C0C45321-B51D-4D8D-9B7B-AA4C2E0B2962}"
EndProject
Project("{FAE04EC0-301F-11D3-BF4B-00C04F79EFBC}") = "Coevery.Profile", "Coevery.Profile\Coevery.Profile.csproj", "{94E694A2-D140-468D-A277-C5FCE1D13E9B}"
EndProject
Project("{FAE04EC0-301F-11D3-BF4B-00C04F79EFBC}") = "Coevery.Specs", "Coevery.Specs\Coevery.Specs.csproj", "{7354DF37-934B-46CF-A13C-455D5F5F5413}"
EndProject
Project("{2150E333-8FDC-42A3-9474-1A3956D46DE8}") = "Tools", "Tools", "{D0288186-A66A-4E2C-8824-5E617CCB8783}"
EndProject
Project("{FAE04EC0-301F-11D3-BF4B-00C04F79EFBC}") = "Coevery", "Tools\Coevery\Coevery.csproj", "{33B1BC8D-E292-4972-A363-22056B207156}"
EndProject
Project("{FAE04EC0-301F-11D3-BF4B-00C04F79EFBC}") = "Coevery.Tests", "Tools\Coevery.Tests\Coevery.Tests.csproj", "{0DFA2E10-96C8-4E05-BC10-B710B97ECCDE}"
EndProject
Global
	GlobalSection(SolutionConfigurationPlatforms) = preSolution
		CodeCoverage|Any CPU = CodeCoverage|Any CPU
		Coverage|Any CPU = Coverage|Any CPU
		Debug|Any CPU = Debug|Any CPU
		FxCop|Any CPU = FxCop|Any CPU
		Release|Any CPU = Release|Any CPU
	EndGlobalSection
	GlobalSection(ProjectConfigurationPlatforms) = postSolution
		{50B779EA-EC00-4699-84C0-03B395C365D2}.CodeCoverage|Any CPU.ActiveCfg = Release|Any CPU
		{50B779EA-EC00-4699-84C0-03B395C365D2}.CodeCoverage|Any CPU.Build.0 = Release|Any CPU
		{50B779EA-EC00-4699-84C0-03B395C365D2}.Coverage|Any CPU.ActiveCfg = Release|Any CPU
		{50B779EA-EC00-4699-84C0-03B395C365D2}.Coverage|Any CPU.Build.0 = Release|Any CPU
		{50B779EA-EC00-4699-84C0-03B395C365D2}.Debug|Any CPU.ActiveCfg = Debug|Any CPU
		{50B779EA-EC00-4699-84C0-03B395C365D2}.Debug|Any CPU.Build.0 = Debug|Any CPU
		{50B779EA-EC00-4699-84C0-03B395C365D2}.FxCop|Any CPU.ActiveCfg = Release|Any CPU
		{50B779EA-EC00-4699-84C0-03B395C365D2}.FxCop|Any CPU.Build.0 = Release|Any CPU
		{50B779EA-EC00-4699-84C0-03B395C365D2}.Release|Any CPU.ActiveCfg = Release|Any CPU
		{50B779EA-EC00-4699-84C0-03B395C365D2}.Release|Any CPU.Build.0 = Release|Any CPU
		{9916839C-39FC-4CEB-A5AF-89CA7E87119F}.CodeCoverage|Any CPU.ActiveCfg = Release|Any CPU
		{9916839C-39FC-4CEB-A5AF-89CA7E87119F}.CodeCoverage|Any CPU.Build.0 = Release|Any CPU
		{9916839C-39FC-4CEB-A5AF-89CA7E87119F}.Coverage|Any CPU.ActiveCfg = Release|Any CPU
		{9916839C-39FC-4CEB-A5AF-89CA7E87119F}.Coverage|Any CPU.Build.0 = Release|Any CPU
		{9916839C-39FC-4CEB-A5AF-89CA7E87119F}.Debug|Any CPU.ActiveCfg = Debug|Any CPU
		{9916839C-39FC-4CEB-A5AF-89CA7E87119F}.Debug|Any CPU.Build.0 = Debug|Any CPU
		{9916839C-39FC-4CEB-A5AF-89CA7E87119F}.FxCop|Any CPU.ActiveCfg = Release|Any CPU
		{9916839C-39FC-4CEB-A5AF-89CA7E87119F}.FxCop|Any CPU.Build.0 = Release|Any CPU
		{9916839C-39FC-4CEB-A5AF-89CA7E87119F}.Release|Any CPU.ActiveCfg = Release|Any CPU
		{9916839C-39FC-4CEB-A5AF-89CA7E87119F}.Release|Any CPU.Build.0 = Release|Any CPU
		{CB70A642-8CEC-4DDE-8C9F-AD08900EC98D}.CodeCoverage|Any CPU.ActiveCfg = Release|Any CPU
		{CB70A642-8CEC-4DDE-8C9F-AD08900EC98D}.CodeCoverage|Any CPU.Build.0 = Release|Any CPU
		{CB70A642-8CEC-4DDE-8C9F-AD08900EC98D}.Coverage|Any CPU.ActiveCfg = Release|Any CPU
		{CB70A642-8CEC-4DDE-8C9F-AD08900EC98D}.Coverage|Any CPU.Build.0 = Release|Any CPU
		{CB70A642-8CEC-4DDE-8C9F-AD08900EC98D}.Debug|Any CPU.ActiveCfg = Debug|Any CPU
		{CB70A642-8CEC-4DDE-8C9F-AD08900EC98D}.Debug|Any CPU.Build.0 = Debug|Any CPU
		{CB70A642-8CEC-4DDE-8C9F-AD08900EC98D}.FxCop|Any CPU.ActiveCfg = Release|Any CPU
		{CB70A642-8CEC-4DDE-8C9F-AD08900EC98D}.FxCop|Any CPU.Build.0 = Release|Any CPU
		{CB70A642-8CEC-4DDE-8C9F-AD08900EC98D}.Release|Any CPU.ActiveCfg = Release|Any CPU
		{CB70A642-8CEC-4DDE-8C9F-AD08900EC98D}.Release|Any CPU.Build.0 = Release|Any CPU
		{53B42C1F-2A9C-43F5-90C2-94C0D002C86F}.CodeCoverage|Any CPU.ActiveCfg = Release|Any CPU
		{53B42C1F-2A9C-43F5-90C2-94C0D002C86F}.CodeCoverage|Any CPU.Build.0 = Release|Any CPU
		{53B42C1F-2A9C-43F5-90C2-94C0D002C86F}.Coverage|Any CPU.ActiveCfg = Release|Any CPU
		{53B42C1F-2A9C-43F5-90C2-94C0D002C86F}.Coverage|Any CPU.Build.0 = Release|Any CPU
		{53B42C1F-2A9C-43F5-90C2-94C0D002C86F}.Debug|Any CPU.ActiveCfg = Debug|Any CPU
		{53B42C1F-2A9C-43F5-90C2-94C0D002C86F}.Debug|Any CPU.Build.0 = Debug|Any CPU
		{53B42C1F-2A9C-43F5-90C2-94C0D002C86F}.FxCop|Any CPU.ActiveCfg = Release|Any CPU
		{53B42C1F-2A9C-43F5-90C2-94C0D002C86F}.FxCop|Any CPU.Build.0 = Release|Any CPU
		{53B42C1F-2A9C-43F5-90C2-94C0D002C86F}.Release|Any CPU.ActiveCfg = Release|Any CPU
		{53B42C1F-2A9C-43F5-90C2-94C0D002C86F}.Release|Any CPU.Build.0 = Release|Any CPU
		{475B6C45-B27C-438B-8966-908B9D6D1077}.CodeCoverage|Any CPU.ActiveCfg = Release|Any CPU
		{475B6C45-B27C-438B-8966-908B9D6D1077}.CodeCoverage|Any CPU.Build.0 = Release|Any CPU
		{475B6C45-B27C-438B-8966-908B9D6D1077}.Coverage|Any CPU.ActiveCfg = Release|Any CPU
		{475B6C45-B27C-438B-8966-908B9D6D1077}.Coverage|Any CPU.Build.0 = Release|Any CPU
		{475B6C45-B27C-438B-8966-908B9D6D1077}.Debug|Any CPU.ActiveCfg = Debug|Any CPU
		{475B6C45-B27C-438B-8966-908B9D6D1077}.Debug|Any CPU.Build.0 = Debug|Any CPU
		{475B6C45-B27C-438B-8966-908B9D6D1077}.FxCop|Any CPU.ActiveCfg = Release|Any CPU
		{475B6C45-B27C-438B-8966-908B9D6D1077}.FxCop|Any CPU.Build.0 = Release|Any CPU
		{475B6C45-B27C-438B-8966-908B9D6D1077}.Release|Any CPU.ActiveCfg = Release|Any CPU
		{475B6C45-B27C-438B-8966-908B9D6D1077}.Release|Any CPU.Build.0 = Release|Any CPU
		{E8024E69-A92A-4264-8FD3-9878C689837C}.CodeCoverage|Any CPU.ActiveCfg = Release|Any CPU
		{E8024E69-A92A-4264-8FD3-9878C689837C}.CodeCoverage|Any CPU.Build.0 = Release|Any CPU
		{E8024E69-A92A-4264-8FD3-9878C689837C}.Coverage|Any CPU.ActiveCfg = Release|Any CPU
		{E8024E69-A92A-4264-8FD3-9878C689837C}.Coverage|Any CPU.Build.0 = Release|Any CPU
		{E8024E69-A92A-4264-8FD3-9878C689837C}.Debug|Any CPU.ActiveCfg = Debug|Any CPU
		{E8024E69-A92A-4264-8FD3-9878C689837C}.Debug|Any CPU.Build.0 = Debug|Any CPU
		{E8024E69-A92A-4264-8FD3-9878C689837C}.FxCop|Any CPU.ActiveCfg = Release|Any CPU
		{E8024E69-A92A-4264-8FD3-9878C689837C}.FxCop|Any CPU.Build.0 = Release|Any CPU
		{E8024E69-A92A-4264-8FD3-9878C689837C}.Release|Any CPU.ActiveCfg = Release|Any CPU
		{E8024E69-A92A-4264-8FD3-9878C689837C}.Release|Any CPU.Build.0 = Release|Any CPU
		{66FCCD76-2761-47E3-8D11-B45D0001DDAA}.CodeCoverage|Any CPU.ActiveCfg = Release|Any CPU
		{66FCCD76-2761-47E3-8D11-B45D0001DDAA}.CodeCoverage|Any CPU.Build.0 = Release|Any CPU
		{66FCCD76-2761-47E3-8D11-B45D0001DDAA}.Coverage|Any CPU.ActiveCfg = Release|Any CPU
		{66FCCD76-2761-47E3-8D11-B45D0001DDAA}.Coverage|Any CPU.Build.0 = Release|Any CPU
		{66FCCD76-2761-47E3-8D11-B45D0001DDAA}.Debug|Any CPU.ActiveCfg = Debug|Any CPU
		{66FCCD76-2761-47E3-8D11-B45D0001DDAA}.Debug|Any CPU.Build.0 = Debug|Any CPU
		{66FCCD76-2761-47E3-8D11-B45D0001DDAA}.FxCop|Any CPU.ActiveCfg = Release|Any CPU
		{66FCCD76-2761-47E3-8D11-B45D0001DDAA}.FxCop|Any CPU.Build.0 = Release|Any CPU
		{66FCCD76-2761-47E3-8D11-B45D0001DDAA}.Release|Any CPU.ActiveCfg = Release|Any CPU
		{66FCCD76-2761-47E3-8D11-B45D0001DDAA}.Release|Any CPU.Build.0 = Release|Any CPU
		{F301EF7D-F19C-4D83-AA94-CB64F29C037D}.CodeCoverage|Any CPU.ActiveCfg = Release|Any CPU
		{F301EF7D-F19C-4D83-AA94-CB64F29C037D}.CodeCoverage|Any CPU.Build.0 = Release|Any CPU
		{F301EF7D-F19C-4D83-AA94-CB64F29C037D}.Coverage|Any CPU.ActiveCfg = Release|Any CPU
		{F301EF7D-F19C-4D83-AA94-CB64F29C037D}.Coverage|Any CPU.Build.0 = Release|Any CPU
		{F301EF7D-F19C-4D83-AA94-CB64F29C037D}.Debug|Any CPU.ActiveCfg = Debug|Any CPU
		{F301EF7D-F19C-4D83-AA94-CB64F29C037D}.Debug|Any CPU.Build.0 = Debug|Any CPU
		{F301EF7D-F19C-4D83-AA94-CB64F29C037D}.FxCop|Any CPU.ActiveCfg = Release|Any CPU
		{F301EF7D-F19C-4D83-AA94-CB64F29C037D}.FxCop|Any CPU.Build.0 = Release|Any CPU
		{F301EF7D-F19C-4D83-AA94-CB64F29C037D}.Release|Any CPU.ActiveCfg = Release|Any CPU
		{F301EF7D-F19C-4D83-AA94-CB64F29C037D}.Release|Any CPU.Build.0 = Release|Any CPU
		{9F68EB9E-D609-4DFA-85B6-1F642DB80E6D}.CodeCoverage|Any CPU.ActiveCfg = Release|Any CPU
		{9F68EB9E-D609-4DFA-85B6-1F642DB80E6D}.CodeCoverage|Any CPU.Build.0 = Release|Any CPU
		{9F68EB9E-D609-4DFA-85B6-1F642DB80E6D}.Coverage|Any CPU.ActiveCfg = Release|Any CPU
		{9F68EB9E-D609-4DFA-85B6-1F642DB80E6D}.Coverage|Any CPU.Build.0 = Release|Any CPU
		{9F68EB9E-D609-4DFA-85B6-1F642DB80E6D}.Debug|Any CPU.ActiveCfg = Debug|Any CPU
		{9F68EB9E-D609-4DFA-85B6-1F642DB80E6D}.Debug|Any CPU.Build.0 = Debug|Any CPU
		{9F68EB9E-D609-4DFA-85B6-1F642DB80E6D}.FxCop|Any CPU.ActiveCfg = Release|Any CPU
		{9F68EB9E-D609-4DFA-85B6-1F642DB80E6D}.FxCop|Any CPU.Build.0 = Release|Any CPU
		{9F68EB9E-D609-4DFA-85B6-1F642DB80E6D}.Release|Any CPU.ActiveCfg = Release|Any CPU
		{9F68EB9E-D609-4DFA-85B6-1F642DB80E6D}.Release|Any CPU.Build.0 = Release|Any CPU
		{A60729BC-D7E2-4554-AA49-C29D76E0A898}.CodeCoverage|Any CPU.ActiveCfg = Release|Any CPU
		{A60729BC-D7E2-4554-AA49-C29D76E0A898}.CodeCoverage|Any CPU.Build.0 = Release|Any CPU
		{A60729BC-D7E2-4554-AA49-C29D76E0A898}.Coverage|Any CPU.ActiveCfg = Release|Any CPU
		{A60729BC-D7E2-4554-AA49-C29D76E0A898}.Coverage|Any CPU.Build.0 = Release|Any CPU
		{A60729BC-D7E2-4554-AA49-C29D76E0A898}.Debug|Any CPU.ActiveCfg = Debug|Any CPU
		{A60729BC-D7E2-4554-AA49-C29D76E0A898}.Debug|Any CPU.Build.0 = Debug|Any CPU
		{A60729BC-D7E2-4554-AA49-C29D76E0A898}.FxCop|Any CPU.ActiveCfg = Release|Any CPU
		{A60729BC-D7E2-4554-AA49-C29D76E0A898}.FxCop|Any CPU.Build.0 = Release|Any CPU
		{A60729BC-D7E2-4554-AA49-C29D76E0A898}.Release|Any CPU.ActiveCfg = Release|Any CPU
		{A60729BC-D7E2-4554-AA49-C29D76E0A898}.Release|Any CPU.Build.0 = Release|Any CPU
		{D87E3B20-7088-4728-9BDC-7B8FF8DCE06D}.CodeCoverage|Any CPU.ActiveCfg = Release|Any CPU
		{D87E3B20-7088-4728-9BDC-7B8FF8DCE06D}.CodeCoverage|Any CPU.Build.0 = Release|Any CPU
		{D87E3B20-7088-4728-9BDC-7B8FF8DCE06D}.Coverage|Any CPU.ActiveCfg = Release|Any CPU
		{D87E3B20-7088-4728-9BDC-7B8FF8DCE06D}.Coverage|Any CPU.Build.0 = Release|Any CPU
		{D87E3B20-7088-4728-9BDC-7B8FF8DCE06D}.Debug|Any CPU.ActiveCfg = Debug|Any CPU
		{D87E3B20-7088-4728-9BDC-7B8FF8DCE06D}.Debug|Any CPU.Build.0 = Debug|Any CPU
		{D87E3B20-7088-4728-9BDC-7B8FF8DCE06D}.FxCop|Any CPU.ActiveCfg = Release|Any CPU
		{D87E3B20-7088-4728-9BDC-7B8FF8DCE06D}.FxCop|Any CPU.Build.0 = Release|Any CPU
		{D87E3B20-7088-4728-9BDC-7B8FF8DCE06D}.Release|Any CPU.ActiveCfg = Release|Any CPU
		{D87E3B20-7088-4728-9BDC-7B8FF8DCE06D}.Release|Any CPU.Build.0 = Release|Any CPU
		{BD9AEC06-5C81-4221-A817-408FB0C4B6C0}.CodeCoverage|Any CPU.ActiveCfg = Release|Any CPU
		{BD9AEC06-5C81-4221-A817-408FB0C4B6C0}.CodeCoverage|Any CPU.Build.0 = Release|Any CPU
		{BD9AEC06-5C81-4221-A817-408FB0C4B6C0}.Coverage|Any CPU.ActiveCfg = Release|Any CPU
		{BD9AEC06-5C81-4221-A817-408FB0C4B6C0}.Coverage|Any CPU.Build.0 = Release|Any CPU
		{BD9AEC06-5C81-4221-A817-408FB0C4B6C0}.Debug|Any CPU.ActiveCfg = Debug|Any CPU
		{BD9AEC06-5C81-4221-A817-408FB0C4B6C0}.Debug|Any CPU.Build.0 = Debug|Any CPU
		{BD9AEC06-5C81-4221-A817-408FB0C4B6C0}.FxCop|Any CPU.ActiveCfg = Release|Any CPU
		{BD9AEC06-5C81-4221-A817-408FB0C4B6C0}.FxCop|Any CPU.Build.0 = Release|Any CPU
		{BD9AEC06-5C81-4221-A817-408FB0C4B6C0}.Release|Any CPU.ActiveCfg = Release|Any CPU
		{BD9AEC06-5C81-4221-A817-408FB0C4B6C0}.Release|Any CPU.Build.0 = Release|Any CPU
		{02210E84-AE96-4CAD-9127-C7840308C396}.CodeCoverage|Any CPU.ActiveCfg = Release|Any CPU
		{02210E84-AE96-4CAD-9127-C7840308C396}.CodeCoverage|Any CPU.Build.0 = Release|Any CPU
		{02210E84-AE96-4CAD-9127-C7840308C396}.Coverage|Any CPU.ActiveCfg = Release|Any CPU
		{02210E84-AE96-4CAD-9127-C7840308C396}.Coverage|Any CPU.Build.0 = Release|Any CPU
		{02210E84-AE96-4CAD-9127-C7840308C396}.Debug|Any CPU.ActiveCfg = Debug|Any CPU
		{02210E84-AE96-4CAD-9127-C7840308C396}.Debug|Any CPU.Build.0 = Debug|Any CPU
		{02210E84-AE96-4CAD-9127-C7840308C396}.FxCop|Any CPU.ActiveCfg = Release|Any CPU
		{02210E84-AE96-4CAD-9127-C7840308C396}.FxCop|Any CPU.Build.0 = Release|Any CPU
		{02210E84-AE96-4CAD-9127-C7840308C396}.Release|Any CPU.ActiveCfg = Release|Any CPU
		{02210E84-AE96-4CAD-9127-C7840308C396}.Release|Any CPU.Build.0 = Release|Any CPU
		{1579E706-CD05-4339-A19C-6778E586EC03}.CodeCoverage|Any CPU.ActiveCfg = Release|Any CPU
		{1579E706-CD05-4339-A19C-6778E586EC03}.CodeCoverage|Any CPU.Build.0 = Release|Any CPU
		{1579E706-CD05-4339-A19C-6778E586EC03}.Coverage|Any CPU.ActiveCfg = Release|Any CPU
		{1579E706-CD05-4339-A19C-6778E586EC03}.Coverage|Any CPU.Build.0 = Release|Any CPU
		{1579E706-CD05-4339-A19C-6778E586EC03}.Debug|Any CPU.ActiveCfg = Debug|Any CPU
		{1579E706-CD05-4339-A19C-6778E586EC03}.Debug|Any CPU.Build.0 = Debug|Any CPU
		{1579E706-CD05-4339-A19C-6778E586EC03}.FxCop|Any CPU.ActiveCfg = Release|Any CPU
		{1579E706-CD05-4339-A19C-6778E586EC03}.FxCop|Any CPU.Build.0 = Release|Any CPU
		{1579E706-CD05-4339-A19C-6778E586EC03}.Release|Any CPU.ActiveCfg = Release|Any CPU
		{1579E706-CD05-4339-A19C-6778E586EC03}.Release|Any CPU.Build.0 = Release|Any CPU
		{642A49D7-8752-4177-80D6-BFBBCFAD3DE0}.CodeCoverage|Any CPU.ActiveCfg = Release|Any CPU
		{642A49D7-8752-4177-80D6-BFBBCFAD3DE0}.CodeCoverage|Any CPU.Build.0 = Release|Any CPU
		{642A49D7-8752-4177-80D6-BFBBCFAD3DE0}.Coverage|Any CPU.ActiveCfg = Release|Any CPU
		{642A49D7-8752-4177-80D6-BFBBCFAD3DE0}.Coverage|Any CPU.Build.0 = Release|Any CPU
		{642A49D7-8752-4177-80D6-BFBBCFAD3DE0}.Debug|Any CPU.ActiveCfg = Debug|Any CPU
		{642A49D7-8752-4177-80D6-BFBBCFAD3DE0}.Debug|Any CPU.Build.0 = Debug|Any CPU
		{642A49D7-8752-4177-80D6-BFBBCFAD3DE0}.FxCop|Any CPU.ActiveCfg = Release|Any CPU
		{642A49D7-8752-4177-80D6-BFBBCFAD3DE0}.FxCop|Any CPU.Build.0 = Release|Any CPU
		{642A49D7-8752-4177-80D6-BFBBCFAD3DE0}.Release|Any CPU.ActiveCfg = Release|Any CPU
		{642A49D7-8752-4177-80D6-BFBBCFAD3DE0}.Release|Any CPU.Build.0 = Release|Any CPU
		{8F116B06-1C0E-4E4C-9A0A-D2FAB851E768}.CodeCoverage|Any CPU.ActiveCfg = Release|Any CPU
		{8F116B06-1C0E-4E4C-9A0A-D2FAB851E768}.CodeCoverage|Any CPU.Build.0 = Release|Any CPU
		{8F116B06-1C0E-4E4C-9A0A-D2FAB851E768}.Coverage|Any CPU.ActiveCfg = Release|Any CPU
		{8F116B06-1C0E-4E4C-9A0A-D2FAB851E768}.Coverage|Any CPU.Build.0 = Release|Any CPU
		{8F116B06-1C0E-4E4C-9A0A-D2FAB851E768}.Debug|Any CPU.ActiveCfg = Debug|Any CPU
		{8F116B06-1C0E-4E4C-9A0A-D2FAB851E768}.Debug|Any CPU.Build.0 = Debug|Any CPU
		{8F116B06-1C0E-4E4C-9A0A-D2FAB851E768}.FxCop|Any CPU.ActiveCfg = Release|Any CPU
		{8F116B06-1C0E-4E4C-9A0A-D2FAB851E768}.FxCop|Any CPU.Build.0 = Release|Any CPU
		{8F116B06-1C0E-4E4C-9A0A-D2FAB851E768}.Release|Any CPU.ActiveCfg = Release|Any CPU
		{8F116B06-1C0E-4E4C-9A0A-D2FAB851E768}.Release|Any CPU.Build.0 = Release|Any CPU
		{17F86780-9A1F-4AA1-86F1-875EEC2730C7}.CodeCoverage|Any CPU.ActiveCfg = Release|Any CPU
		{17F86780-9A1F-4AA1-86F1-875EEC2730C7}.CodeCoverage|Any CPU.Build.0 = Release|Any CPU
		{17F86780-9A1F-4AA1-86F1-875EEC2730C7}.Coverage|Any CPU.ActiveCfg = Release|Any CPU
		{17F86780-9A1F-4AA1-86F1-875EEC2730C7}.Coverage|Any CPU.Build.0 = Release|Any CPU
		{17F86780-9A1F-4AA1-86F1-875EEC2730C7}.Debug|Any CPU.ActiveCfg = Debug|Any CPU
		{17F86780-9A1F-4AA1-86F1-875EEC2730C7}.Debug|Any CPU.Build.0 = Debug|Any CPU
		{17F86780-9A1F-4AA1-86F1-875EEC2730C7}.FxCop|Any CPU.ActiveCfg = Release|Any CPU
		{17F86780-9A1F-4AA1-86F1-875EEC2730C7}.FxCop|Any CPU.Build.0 = Release|Any CPU
		{17F86780-9A1F-4AA1-86F1-875EEC2730C7}.Release|Any CPU.ActiveCfg = Release|Any CPU
		{17F86780-9A1F-4AA1-86F1-875EEC2730C7}.Release|Any CPU.Build.0 = Release|Any CPU
		{816560FF-2267-4CA1-8E24-635431F8D8C8}.CodeCoverage|Any CPU.ActiveCfg = Release|Any CPU
		{816560FF-2267-4CA1-8E24-635431F8D8C8}.CodeCoverage|Any CPU.Build.0 = Release|Any CPU
		{816560FF-2267-4CA1-8E24-635431F8D8C8}.Coverage|Any CPU.ActiveCfg = Release|Any CPU
		{816560FF-2267-4CA1-8E24-635431F8D8C8}.Coverage|Any CPU.Build.0 = Release|Any CPU
		{816560FF-2267-4CA1-8E24-635431F8D8C8}.Debug|Any CPU.ActiveCfg = Debug|Any CPU
		{816560FF-2267-4CA1-8E24-635431F8D8C8}.Debug|Any CPU.Build.0 = Debug|Any CPU
		{816560FF-2267-4CA1-8E24-635431F8D8C8}.FxCop|Any CPU.ActiveCfg = Release|Any CPU
		{816560FF-2267-4CA1-8E24-635431F8D8C8}.FxCop|Any CPU.Build.0 = Release|Any CPU
		{816560FF-2267-4CA1-8E24-635431F8D8C8}.Release|Any CPU.ActiveCfg = Release|Any CPU
		{816560FF-2267-4CA1-8E24-635431F8D8C8}.Release|Any CPU.Build.0 = Release|Any CPU
		{DFD137A2-DDB5-4D22-BE0D-FA9AD4C8B059}.CodeCoverage|Any CPU.ActiveCfg = Release|Any CPU
		{DFD137A2-DDB5-4D22-BE0D-FA9AD4C8B059}.CodeCoverage|Any CPU.Build.0 = Release|Any CPU
		{DFD137A2-DDB5-4D22-BE0D-FA9AD4C8B059}.Coverage|Any CPU.ActiveCfg = Release|Any CPU
		{DFD137A2-DDB5-4D22-BE0D-FA9AD4C8B059}.Coverage|Any CPU.Build.0 = Release|Any CPU
		{DFD137A2-DDB5-4D22-BE0D-FA9AD4C8B059}.Debug|Any CPU.ActiveCfg = Debug|Any CPU
		{DFD137A2-DDB5-4D22-BE0D-FA9AD4C8B059}.Debug|Any CPU.Build.0 = Debug|Any CPU
		{DFD137A2-DDB5-4D22-BE0D-FA9AD4C8B059}.FxCop|Any CPU.ActiveCfg = Release|Any CPU
		{DFD137A2-DDB5-4D22-BE0D-FA9AD4C8B059}.FxCop|Any CPU.Build.0 = Release|Any CPU
		{DFD137A2-DDB5-4D22-BE0D-FA9AD4C8B059}.Release|Any CPU.ActiveCfg = Release|Any CPU
		{DFD137A2-DDB5-4D22-BE0D-FA9AD4C8B059}.Release|Any CPU.Build.0 = Release|Any CPU
		{7BF518B5-DC57-4E5D-99C4-553DF5D89FF4}.CodeCoverage|Any CPU.ActiveCfg = Release|Any CPU
		{7BF518B5-DC57-4E5D-99C4-553DF5D89FF4}.CodeCoverage|Any CPU.Build.0 = Release|Any CPU
		{7BF518B5-DC57-4E5D-99C4-553DF5D89FF4}.Coverage|Any CPU.ActiveCfg = Release|Any CPU
		{7BF518B5-DC57-4E5D-99C4-553DF5D89FF4}.Coverage|Any CPU.Build.0 = Release|Any CPU
		{7BF518B5-DC57-4E5D-99C4-553DF5D89FF4}.Debug|Any CPU.ActiveCfg = Debug|Any CPU
		{7BF518B5-DC57-4E5D-99C4-553DF5D89FF4}.Debug|Any CPU.Build.0 = Debug|Any CPU
		{7BF518B5-DC57-4E5D-99C4-553DF5D89FF4}.FxCop|Any CPU.ActiveCfg = Release|Any CPU
		{7BF518B5-DC57-4E5D-99C4-553DF5D89FF4}.FxCop|Any CPU.Build.0 = Release|Any CPU
		{7BF518B5-DC57-4E5D-99C4-553DF5D89FF4}.Release|Any CPU.ActiveCfg = Release|Any CPU
		{7BF518B5-DC57-4E5D-99C4-553DF5D89FF4}.Release|Any CPU.Build.0 = Release|Any CPU
		{C8EA0D61-05BA-404F-B658-F75DB9DE2D61}.CodeCoverage|Any CPU.ActiveCfg = Release|Any CPU
		{C8EA0D61-05BA-404F-B658-F75DB9DE2D61}.CodeCoverage|Any CPU.Build.0 = Release|Any CPU
		{C8EA0D61-05BA-404F-B658-F75DB9DE2D61}.Coverage|Any CPU.ActiveCfg = Release|Any CPU
		{C8EA0D61-05BA-404F-B658-F75DB9DE2D61}.Coverage|Any CPU.Build.0 = Release|Any CPU
		{C8EA0D61-05BA-404F-B658-F75DB9DE2D61}.Debug|Any CPU.ActiveCfg = Debug|Any CPU
		{C8EA0D61-05BA-404F-B658-F75DB9DE2D61}.Debug|Any CPU.Build.0 = Debug|Any CPU
		{C8EA0D61-05BA-404F-B658-F75DB9DE2D61}.FxCop|Any CPU.ActiveCfg = Release|Any CPU
		{C8EA0D61-05BA-404F-B658-F75DB9DE2D61}.FxCop|Any CPU.Build.0 = Release|Any CPU
		{C8EA0D61-05BA-404F-B658-F75DB9DE2D61}.Release|Any CPU.ActiveCfg = Release|Any CPU
		{C8EA0D61-05BA-404F-B658-F75DB9DE2D61}.Release|Any CPU.Build.0 = Release|Any CPU
		{FC1D74E8-7A4D-48F4-83DE-95C6173780C4}.CodeCoverage|Any CPU.ActiveCfg = Release|Any CPU
		{FC1D74E8-7A4D-48F4-83DE-95C6173780C4}.CodeCoverage|Any CPU.Build.0 = Release|Any CPU
		{FC1D74E8-7A4D-48F4-83DE-95C6173780C4}.Coverage|Any CPU.ActiveCfg = Release|Any CPU
		{FC1D74E8-7A4D-48F4-83DE-95C6173780C4}.Coverage|Any CPU.Build.0 = Release|Any CPU
		{FC1D74E8-7A4D-48F4-83DE-95C6173780C4}.Debug|Any CPU.ActiveCfg = Debug|Any CPU
		{FC1D74E8-7A4D-48F4-83DE-95C6173780C4}.Debug|Any CPU.Build.0 = Debug|Any CPU
		{FC1D74E8-7A4D-48F4-83DE-95C6173780C4}.FxCop|Any CPU.ActiveCfg = Release|Any CPU
		{FC1D74E8-7A4D-48F4-83DE-95C6173780C4}.FxCop|Any CPU.Build.0 = Release|Any CPU
		{FC1D74E8-7A4D-48F4-83DE-95C6173780C4}.Release|Any CPU.ActiveCfg = Release|Any CPU
		{FC1D74E8-7A4D-48F4-83DE-95C6173780C4}.Release|Any CPU.Build.0 = Release|Any CPU
		{F10B6E1F-27A1-4383-862C-3437B6E73827}.CodeCoverage|Any CPU.ActiveCfg = Release|Any CPU
		{F10B6E1F-27A1-4383-862C-3437B6E73827}.CodeCoverage|Any CPU.Build.0 = Release|Any CPU
		{F10B6E1F-27A1-4383-862C-3437B6E73827}.Coverage|Any CPU.ActiveCfg = Release|Any CPU
		{F10B6E1F-27A1-4383-862C-3437B6E73827}.Coverage|Any CPU.Build.0 = Release|Any CPU
		{F10B6E1F-27A1-4383-862C-3437B6E73827}.Debug|Any CPU.ActiveCfg = Debug|Any CPU
		{F10B6E1F-27A1-4383-862C-3437B6E73827}.Debug|Any CPU.Build.0 = Debug|Any CPU
		{F10B6E1F-27A1-4383-862C-3437B6E73827}.FxCop|Any CPU.ActiveCfg = Release|Any CPU
		{F10B6E1F-27A1-4383-862C-3437B6E73827}.FxCop|Any CPU.Build.0 = Release|Any CPU
		{F10B6E1F-27A1-4383-862C-3437B6E73827}.Release|Any CPU.ActiveCfg = Release|Any CPU
		{F10B6E1F-27A1-4383-862C-3437B6E73827}.Release|Any CPU.Build.0 = Release|Any CPU
		{D10AD48F-407D-4DB5-A328-173EC7CB010F}.CodeCoverage|Any CPU.ActiveCfg = Release|Any CPU
		{D10AD48F-407D-4DB5-A328-173EC7CB010F}.CodeCoverage|Any CPU.Build.0 = Release|Any CPU
		{D10AD48F-407D-4DB5-A328-173EC7CB010F}.Coverage|Any CPU.ActiveCfg = Release|Any CPU
		{D10AD48F-407D-4DB5-A328-173EC7CB010F}.Coverage|Any CPU.Build.0 = Release|Any CPU
		{D10AD48F-407D-4DB5-A328-173EC7CB010F}.Debug|Any CPU.ActiveCfg = Debug|Any CPU
		{D10AD48F-407D-4DB5-A328-173EC7CB010F}.Debug|Any CPU.Build.0 = Debug|Any CPU
		{D10AD48F-407D-4DB5-A328-173EC7CB010F}.FxCop|Any CPU.ActiveCfg = Release|Any CPU
		{D10AD48F-407D-4DB5-A328-173EC7CB010F}.FxCop|Any CPU.Build.0 = Release|Any CPU
		{D10AD48F-407D-4DB5-A328-173EC7CB010F}.Release|Any CPU.ActiveCfg = Release|Any CPU
		{D10AD48F-407D-4DB5-A328-173EC7CB010F}.Release|Any CPU.Build.0 = Release|Any CPU
		{99002B65-86F7-415E-BF4A-381AA8AB9CCC}.CodeCoverage|Any CPU.ActiveCfg = Release|Any CPU
		{99002B65-86F7-415E-BF4A-381AA8AB9CCC}.CodeCoverage|Any CPU.Build.0 = Release|Any CPU
		{99002B65-86F7-415E-BF4A-381AA8AB9CCC}.Coverage|Any CPU.ActiveCfg = Release|Any CPU
		{99002B65-86F7-415E-BF4A-381AA8AB9CCC}.Coverage|Any CPU.Build.0 = Release|Any CPU
		{99002B65-86F7-415E-BF4A-381AA8AB9CCC}.Debug|Any CPU.ActiveCfg = Debug|Any CPU
		{99002B65-86F7-415E-BF4A-381AA8AB9CCC}.Debug|Any CPU.Build.0 = Debug|Any CPU
		{99002B65-86F7-415E-BF4A-381AA8AB9CCC}.FxCop|Any CPU.ActiveCfg = Release|Any CPU
		{99002B65-86F7-415E-BF4A-381AA8AB9CCC}.FxCop|Any CPU.Build.0 = Release|Any CPU
		{99002B65-86F7-415E-BF4A-381AA8AB9CCC}.Release|Any CPU.ActiveCfg = Release|Any CPU
		{99002B65-86F7-415E-BF4A-381AA8AB9CCC}.Release|Any CPU.Build.0 = Release|Any CPU
		{5D13EF34-8B39-4EC5-847F-E12892ACF841}.CodeCoverage|Any CPU.ActiveCfg = Release|Any CPU
		{5D13EF34-8B39-4EC5-847F-E12892ACF841}.CodeCoverage|Any CPU.Build.0 = Release|Any CPU
		{5D13EF34-8B39-4EC5-847F-E12892ACF841}.Coverage|Any CPU.ActiveCfg = Release|Any CPU
		{5D13EF34-8B39-4EC5-847F-E12892ACF841}.Coverage|Any CPU.Build.0 = Release|Any CPU
		{5D13EF34-8B39-4EC5-847F-E12892ACF841}.Debug|Any CPU.ActiveCfg = Debug|Any CPU
		{5D13EF34-8B39-4EC5-847F-E12892ACF841}.Debug|Any CPU.Build.0 = Debug|Any CPU
		{5D13EF34-8B39-4EC5-847F-E12892ACF841}.FxCop|Any CPU.ActiveCfg = Release|Any CPU
		{5D13EF34-8B39-4EC5-847F-E12892ACF841}.FxCop|Any CPU.Build.0 = Release|Any CPU
		{5D13EF34-8B39-4EC5-847F-E12892ACF841}.Release|Any CPU.ActiveCfg = Release|Any CPU
		{5D13EF34-8B39-4EC5-847F-E12892ACF841}.Release|Any CPU.Build.0 = Release|Any CPU
		{8C7FCBC2-E6E1-405E-BFB5-D8D9E67A09C4}.CodeCoverage|Any CPU.ActiveCfg = Release|Any CPU
		{8C7FCBC2-E6E1-405E-BFB5-D8D9E67A09C4}.CodeCoverage|Any CPU.Build.0 = Release|Any CPU
		{8C7FCBC2-E6E1-405E-BFB5-D8D9E67A09C4}.Coverage|Any CPU.ActiveCfg = Release|Any CPU
		{8C7FCBC2-E6E1-405E-BFB5-D8D9E67A09C4}.Coverage|Any CPU.Build.0 = Release|Any CPU
		{8C7FCBC2-E6E1-405E-BFB5-D8D9E67A09C4}.Debug|Any CPU.ActiveCfg = Debug|Any CPU
		{8C7FCBC2-E6E1-405E-BFB5-D8D9E67A09C4}.Debug|Any CPU.Build.0 = Debug|Any CPU
		{8C7FCBC2-E6E1-405E-BFB5-D8D9E67A09C4}.FxCop|Any CPU.ActiveCfg = Release|Any CPU
		{8C7FCBC2-E6E1-405E-BFB5-D8D9E67A09C4}.FxCop|Any CPU.Build.0 = Release|Any CPU
		{8C7FCBC2-E6E1-405E-BFB5-D8D9E67A09C4}.Release|Any CPU.ActiveCfg = Release|Any CPU
		{8C7FCBC2-E6E1-405E-BFB5-D8D9E67A09C4}.Release|Any CPU.Build.0 = Release|Any CPU
		{60B1218D-B9A3-468B-8B7A-9C90A057168B}.CodeCoverage|Any CPU.ActiveCfg = Release|Any CPU
		{60B1218D-B9A3-468B-8B7A-9C90A057168B}.CodeCoverage|Any CPU.Build.0 = Release|Any CPU
		{60B1218D-B9A3-468B-8B7A-9C90A057168B}.Coverage|Any CPU.ActiveCfg = Release|Any CPU
		{60B1218D-B9A3-468B-8B7A-9C90A057168B}.Coverage|Any CPU.Build.0 = Release|Any CPU
		{60B1218D-B9A3-468B-8B7A-9C90A057168B}.Debug|Any CPU.ActiveCfg = Debug|Any CPU
		{60B1218D-B9A3-468B-8B7A-9C90A057168B}.Debug|Any CPU.Build.0 = Debug|Any CPU
		{60B1218D-B9A3-468B-8B7A-9C90A057168B}.FxCop|Any CPU.ActiveCfg = Release|Any CPU
		{60B1218D-B9A3-468B-8B7A-9C90A057168B}.FxCop|Any CPU.Build.0 = Release|Any CPU
		{60B1218D-B9A3-468B-8B7A-9C90A057168B}.Release|Any CPU.ActiveCfg = Release|Any CPU
		{60B1218D-B9A3-468B-8B7A-9C90A057168B}.Release|Any CPU.Build.0 = Release|Any CPU
		{CDE24A24-01D3-403C-84B9-37722E18DFB7}.CodeCoverage|Any CPU.ActiveCfg = Release|Any CPU
		{CDE24A24-01D3-403C-84B9-37722E18DFB7}.CodeCoverage|Any CPU.Build.0 = Release|Any CPU
		{CDE24A24-01D3-403C-84B9-37722E18DFB7}.Coverage|Any CPU.ActiveCfg = Release|Any CPU
		{CDE24A24-01D3-403C-84B9-37722E18DFB7}.Coverage|Any CPU.Build.0 = Release|Any CPU
		{CDE24A24-01D3-403C-84B9-37722E18DFB7}.Debug|Any CPU.ActiveCfg = Debug|Any CPU
		{CDE24A24-01D3-403C-84B9-37722E18DFB7}.Debug|Any CPU.Build.0 = Debug|Any CPU
		{CDE24A24-01D3-403C-84B9-37722E18DFB7}.FxCop|Any CPU.ActiveCfg = Release|Any CPU
		{CDE24A24-01D3-403C-84B9-37722E18DFB7}.FxCop|Any CPU.Build.0 = Release|Any CPU
		{CDE24A24-01D3-403C-84B9-37722E18DFB7}.Release|Any CPU.ActiveCfg = Release|Any CPU
		{CDE24A24-01D3-403C-84B9-37722E18DFB7}.Release|Any CPU.Build.0 = Release|Any CPU
		{6F759635-13D7-4E94-BCC9-80445D63F117}.CodeCoverage|Any CPU.ActiveCfg = Release|Any CPU
		{6F759635-13D7-4E94-BCC9-80445D63F117}.CodeCoverage|Any CPU.Build.0 = Release|Any CPU
		{6F759635-13D7-4E94-BCC9-80445D63F117}.Coverage|Any CPU.ActiveCfg = Release|Any CPU
		{6F759635-13D7-4E94-BCC9-80445D63F117}.Coverage|Any CPU.Build.0 = Release|Any CPU
		{6F759635-13D7-4E94-BCC9-80445D63F117}.Debug|Any CPU.ActiveCfg = Debug|Any CPU
		{6F759635-13D7-4E94-BCC9-80445D63F117}.Debug|Any CPU.Build.0 = Debug|Any CPU
		{6F759635-13D7-4E94-BCC9-80445D63F117}.FxCop|Any CPU.ActiveCfg = Release|Any CPU
		{6F759635-13D7-4E94-BCC9-80445D63F117}.FxCop|Any CPU.Build.0 = Release|Any CPU
		{6F759635-13D7-4E94-BCC9-80445D63F117}.Release|Any CPU.ActiveCfg = Release|Any CPU
		{6F759635-13D7-4E94-BCC9-80445D63F117}.Release|Any CPU.Build.0 = Release|Any CPU
		{79AED36E-ABD0-4747-93D3-8722B042454B}.CodeCoverage|Any CPU.ActiveCfg = Release|Any CPU
		{79AED36E-ABD0-4747-93D3-8722B042454B}.CodeCoverage|Any CPU.Build.0 = Release|Any CPU
		{79AED36E-ABD0-4747-93D3-8722B042454B}.Coverage|Any CPU.ActiveCfg = Release|Any CPU
		{79AED36E-ABD0-4747-93D3-8722B042454B}.Coverage|Any CPU.Build.0 = Release|Any CPU
		{79AED36E-ABD0-4747-93D3-8722B042454B}.Debug|Any CPU.ActiveCfg = Debug|Any CPU
		{79AED36E-ABD0-4747-93D3-8722B042454B}.Debug|Any CPU.Build.0 = Debug|Any CPU
		{79AED36E-ABD0-4747-93D3-8722B042454B}.FxCop|Any CPU.ActiveCfg = Release|Any CPU
		{79AED36E-ABD0-4747-93D3-8722B042454B}.FxCop|Any CPU.Build.0 = Release|Any CPU
		{79AED36E-ABD0-4747-93D3-8722B042454B}.Release|Any CPU.ActiveCfg = Release|Any CPU
		{79AED36E-ABD0-4747-93D3-8722B042454B}.Release|Any CPU.Build.0 = Release|Any CPU
		{194D3CCC-1153-474D-8176-FDE8D7D0D0BD}.CodeCoverage|Any CPU.ActiveCfg = Release|Any CPU
		{194D3CCC-1153-474D-8176-FDE8D7D0D0BD}.CodeCoverage|Any CPU.Build.0 = Release|Any CPU
		{194D3CCC-1153-474D-8176-FDE8D7D0D0BD}.Coverage|Any CPU.ActiveCfg = Release|Any CPU
		{194D3CCC-1153-474D-8176-FDE8D7D0D0BD}.Coverage|Any CPU.Build.0 = Release|Any CPU
		{194D3CCC-1153-474D-8176-FDE8D7D0D0BD}.Debug|Any CPU.ActiveCfg = Debug|Any CPU
		{194D3CCC-1153-474D-8176-FDE8D7D0D0BD}.Debug|Any CPU.Build.0 = Debug|Any CPU
		{194D3CCC-1153-474D-8176-FDE8D7D0D0BD}.FxCop|Any CPU.ActiveCfg = Release|Any CPU
		{194D3CCC-1153-474D-8176-FDE8D7D0D0BD}.FxCop|Any CPU.Build.0 = Release|Any CPU
		{194D3CCC-1153-474D-8176-FDE8D7D0D0BD}.Release|Any CPU.ActiveCfg = Release|Any CPU
		{194D3CCC-1153-474D-8176-FDE8D7D0D0BD}.Release|Any CPU.Build.0 = Release|Any CPU
		{7059493C-8251-4764-9C1E-2368B8B485BC}.CodeCoverage|Any CPU.ActiveCfg = Release|Any CPU
		{7059493C-8251-4764-9C1E-2368B8B485BC}.CodeCoverage|Any CPU.Build.0 = Release|Any CPU
		{7059493C-8251-4764-9C1E-2368B8B485BC}.Coverage|Any CPU.ActiveCfg = Release|Any CPU
		{7059493C-8251-4764-9C1E-2368B8B485BC}.Coverage|Any CPU.Build.0 = Release|Any CPU
		{7059493C-8251-4764-9C1E-2368B8B485BC}.Debug|Any CPU.ActiveCfg = Debug|Any CPU
		{7059493C-8251-4764-9C1E-2368B8B485BC}.Debug|Any CPU.Build.0 = Debug|Any CPU
		{7059493C-8251-4764-9C1E-2368B8B485BC}.FxCop|Any CPU.ActiveCfg = Release|Any CPU
		{7059493C-8251-4764-9C1E-2368B8B485BC}.FxCop|Any CPU.Build.0 = Release|Any CPU
		{7059493C-8251-4764-9C1E-2368B8B485BC}.Release|Any CPU.ActiveCfg = Release|Any CPU
		{7059493C-8251-4764-9C1E-2368B8B485BC}.Release|Any CPU.Build.0 = Release|Any CPU
		{2D1D92BB-4555-4CBE-8D0E-63563D6CE4C6}.CodeCoverage|Any CPU.ActiveCfg = Release|Any CPU
		{2D1D92BB-4555-4CBE-8D0E-63563D6CE4C6}.CodeCoverage|Any CPU.Build.0 = Release|Any CPU
		{2D1D92BB-4555-4CBE-8D0E-63563D6CE4C6}.Coverage|Any CPU.ActiveCfg = Release|Any CPU
		{2D1D92BB-4555-4CBE-8D0E-63563D6CE4C6}.Coverage|Any CPU.Build.0 = Release|Any CPU
		{2D1D92BB-4555-4CBE-8D0E-63563D6CE4C6}.Debug|Any CPU.ActiveCfg = Debug|Any CPU
		{2D1D92BB-4555-4CBE-8D0E-63563D6CE4C6}.Debug|Any CPU.Build.0 = Debug|Any CPU
		{2D1D92BB-4555-4CBE-8D0E-63563D6CE4C6}.FxCop|Any CPU.ActiveCfg = Release|Any CPU
		{2D1D92BB-4555-4CBE-8D0E-63563D6CE4C6}.FxCop|Any CPU.Build.0 = Release|Any CPU
		{2D1D92BB-4555-4CBE-8D0E-63563D6CE4C6}.Release|Any CPU.ActiveCfg = Release|Any CPU
		{2D1D92BB-4555-4CBE-8D0E-63563D6CE4C6}.Release|Any CPU.Build.0 = Release|Any CPU
		{5C0D5249-AEF5-4BB6-8F5F-057B91AC2D7A}.CodeCoverage|Any CPU.ActiveCfg = Release|Any CPU
		{5C0D5249-AEF5-4BB6-8F5F-057B91AC2D7A}.CodeCoverage|Any CPU.Build.0 = Release|Any CPU
		{5C0D5249-AEF5-4BB6-8F5F-057B91AC2D7A}.Coverage|Any CPU.ActiveCfg = Release|Any CPU
		{5C0D5249-AEF5-4BB6-8F5F-057B91AC2D7A}.Coverage|Any CPU.Build.0 = Release|Any CPU
		{5C0D5249-AEF5-4BB6-8F5F-057B91AC2D7A}.Debug|Any CPU.ActiveCfg = Debug|Any CPU
		{5C0D5249-AEF5-4BB6-8F5F-057B91AC2D7A}.Debug|Any CPU.Build.0 = Debug|Any CPU
		{5C0D5249-AEF5-4BB6-8F5F-057B91AC2D7A}.FxCop|Any CPU.ActiveCfg = Release|Any CPU
		{5C0D5249-AEF5-4BB6-8F5F-057B91AC2D7A}.FxCop|Any CPU.Build.0 = Release|Any CPU
		{5C0D5249-AEF5-4BB6-8F5F-057B91AC2D7A}.Release|Any CPU.ActiveCfg = Release|Any CPU
		{5C0D5249-AEF5-4BB6-8F5F-057B91AC2D7A}.Release|Any CPU.Build.0 = Release|Any CPU
		{2AD6973D-C7BB-416E-89FE-EEE34664E05F}.CodeCoverage|Any CPU.ActiveCfg = Release|Any CPU
		{2AD6973D-C7BB-416E-89FE-EEE34664E05F}.CodeCoverage|Any CPU.Build.0 = Release|Any CPU
		{2AD6973D-C7BB-416E-89FE-EEE34664E05F}.Coverage|Any CPU.ActiveCfg = Release|Any CPU
		{2AD6973D-C7BB-416E-89FE-EEE34664E05F}.Coverage|Any CPU.Build.0 = Release|Any CPU
		{2AD6973D-C7BB-416E-89FE-EEE34664E05F}.Debug|Any CPU.ActiveCfg = Debug|Any CPU
		{2AD6973D-C7BB-416E-89FE-EEE34664E05F}.Debug|Any CPU.Build.0 = Debug|Any CPU
		{2AD6973D-C7BB-416E-89FE-EEE34664E05F}.FxCop|Any CPU.ActiveCfg = Release|Any CPU
		{2AD6973D-C7BB-416E-89FE-EEE34664E05F}.FxCop|Any CPU.Build.0 = Release|Any CPU
		{2AD6973D-C7BB-416E-89FE-EEE34664E05F}.Release|Any CPU.ActiveCfg = Release|Any CPU
		{2AD6973D-C7BB-416E-89FE-EEE34664E05F}.Release|Any CPU.Build.0 = Release|Any CPU
		{C889167C-E52C-4A65-A419-224B3D1B957D}.CodeCoverage|Any CPU.ActiveCfg = Release|Any CPU
		{C889167C-E52C-4A65-A419-224B3D1B957D}.CodeCoverage|Any CPU.Build.0 = Release|Any CPU
		{C889167C-E52C-4A65-A419-224B3D1B957D}.Coverage|Any CPU.ActiveCfg = Release|Any CPU
		{C889167C-E52C-4A65-A419-224B3D1B957D}.Coverage|Any CPU.Build.0 = Release|Any CPU
		{C889167C-E52C-4A65-A419-224B3D1B957D}.Debug|Any CPU.ActiveCfg = Debug|Any CPU
		{C889167C-E52C-4A65-A419-224B3D1B957D}.Debug|Any CPU.Build.0 = Debug|Any CPU
		{C889167C-E52C-4A65-A419-224B3D1B957D}.FxCop|Any CPU.ActiveCfg = Release|Any CPU
		{C889167C-E52C-4A65-A419-224B3D1B957D}.FxCop|Any CPU.Build.0 = Release|Any CPU
		{C889167C-E52C-4A65-A419-224B3D1B957D}.Release|Any CPU.ActiveCfg = Release|Any CPU
		{C889167C-E52C-4A65-A419-224B3D1B957D}.Release|Any CPU.Build.0 = Release|Any CPU
		{ABC826D4-2FA1-4F2F-87DE-E6095F653810}.CodeCoverage|Any CPU.ActiveCfg = Release|Any CPU
		{ABC826D4-2FA1-4F2F-87DE-E6095F653810}.CodeCoverage|Any CPU.Build.0 = Release|Any CPU
		{ABC826D4-2FA1-4F2F-87DE-E6095F653810}.Coverage|Any CPU.ActiveCfg = Release|Any CPU
		{ABC826D4-2FA1-4F2F-87DE-E6095F653810}.Coverage|Any CPU.Build.0 = Release|Any CPU
		{ABC826D4-2FA1-4F2F-87DE-E6095F653810}.Debug|Any CPU.ActiveCfg = Debug|Any CPU
		{ABC826D4-2FA1-4F2F-87DE-E6095F653810}.Debug|Any CPU.Build.0 = Debug|Any CPU
		{ABC826D4-2FA1-4F2F-87DE-E6095F653810}.FxCop|Any CPU.ActiveCfg = Release|Any CPU
		{ABC826D4-2FA1-4F2F-87DE-E6095F653810}.FxCop|Any CPU.Build.0 = Release|Any CPU
		{ABC826D4-2FA1-4F2F-87DE-E6095F653810}.Release|Any CPU.ActiveCfg = Release|Any CPU
		{ABC826D4-2FA1-4F2F-87DE-E6095F653810}.Release|Any CPU.Build.0 = Release|Any CPU
		{F112851D-B023-4746-B6B1-8D2E5AD8F7AA}.CodeCoverage|Any CPU.ActiveCfg = Release|Any CPU
		{F112851D-B023-4746-B6B1-8D2E5AD8F7AA}.CodeCoverage|Any CPU.Build.0 = Release|Any CPU
		{F112851D-B023-4746-B6B1-8D2E5AD8F7AA}.Coverage|Any CPU.ActiveCfg = Release|Any CPU
		{F112851D-B023-4746-B6B1-8D2E5AD8F7AA}.Coverage|Any CPU.Build.0 = Release|Any CPU
		{F112851D-B023-4746-B6B1-8D2E5AD8F7AA}.Debug|Any CPU.ActiveCfg = Debug|Any CPU
		{F112851D-B023-4746-B6B1-8D2E5AD8F7AA}.Debug|Any CPU.Build.0 = Debug|Any CPU
		{F112851D-B023-4746-B6B1-8D2E5AD8F7AA}.FxCop|Any CPU.ActiveCfg = Release|Any CPU
		{F112851D-B023-4746-B6B1-8D2E5AD8F7AA}.FxCop|Any CPU.Build.0 = Release|Any CPU
		{F112851D-B023-4746-B6B1-8D2E5AD8F7AA}.Release|Any CPU.ActiveCfg = Release|Any CPU
		{F112851D-B023-4746-B6B1-8D2E5AD8F7AA}.Release|Any CPU.Build.0 = Release|Any CPU
		{2FC1D9C8-446D-4414-B252-5E9FBE61EB63}.CodeCoverage|Any CPU.ActiveCfg = Release|Any CPU
		{2FC1D9C8-446D-4414-B252-5E9FBE61EB63}.CodeCoverage|Any CPU.Build.0 = Release|Any CPU
		{2FC1D9C8-446D-4414-B252-5E9FBE61EB63}.Coverage|Any CPU.ActiveCfg = Release|Any CPU
		{2FC1D9C8-446D-4414-B252-5E9FBE61EB63}.Coverage|Any CPU.Build.0 = Release|Any CPU
		{2FC1D9C8-446D-4414-B252-5E9FBE61EB63}.Debug|Any CPU.ActiveCfg = Debug|Any CPU
		{2FC1D9C8-446D-4414-B252-5E9FBE61EB63}.Debug|Any CPU.Build.0 = Debug|Any CPU
		{2FC1D9C8-446D-4414-B252-5E9FBE61EB63}.FxCop|Any CPU.ActiveCfg = Release|Any CPU
		{2FC1D9C8-446D-4414-B252-5E9FBE61EB63}.FxCop|Any CPU.Build.0 = Release|Any CPU
		{2FC1D9C8-446D-4414-B252-5E9FBE61EB63}.Release|Any CPU.ActiveCfg = Release|Any CPU
		{2FC1D9C8-446D-4414-B252-5E9FBE61EB63}.Release|Any CPU.Build.0 = Release|Any CPU
		{6CB3EB30-F725-45C0-9742-42599BA8E8D2}.CodeCoverage|Any CPU.ActiveCfg = Release|Any CPU
		{6CB3EB30-F725-45C0-9742-42599BA8E8D2}.CodeCoverage|Any CPU.Build.0 = Release|Any CPU
		{6CB3EB30-F725-45C0-9742-42599BA8E8D2}.Coverage|Any CPU.ActiveCfg = Release|Any CPU
		{6CB3EB30-F725-45C0-9742-42599BA8E8D2}.Coverage|Any CPU.Build.0 = Release|Any CPU
		{6CB3EB30-F725-45C0-9742-42599BA8E8D2}.Debug|Any CPU.ActiveCfg = Debug|Any CPU
		{6CB3EB30-F725-45C0-9742-42599BA8E8D2}.Debug|Any CPU.Build.0 = Debug|Any CPU
		{6CB3EB30-F725-45C0-9742-42599BA8E8D2}.FxCop|Any CPU.ActiveCfg = Release|Any CPU
		{6CB3EB30-F725-45C0-9742-42599BA8E8D2}.FxCop|Any CPU.Build.0 = Release|Any CPU
		{6CB3EB30-F725-45C0-9742-42599BA8E8D2}.Release|Any CPU.ActiveCfg = Release|Any CPU
		{6CB3EB30-F725-45C0-9742-42599BA8E8D2}.Release|Any CPU.Build.0 = Release|Any CPU
		{C0C45321-B51D-4D8D-9B7B-AA4C2E0B2962}.CodeCoverage|Any CPU.ActiveCfg = Release|Any CPU
		{C0C45321-B51D-4D8D-9B7B-AA4C2E0B2962}.CodeCoverage|Any CPU.Build.0 = Release|Any CPU
		{C0C45321-B51D-4D8D-9B7B-AA4C2E0B2962}.Coverage|Any CPU.ActiveCfg = Release|Any CPU
		{C0C45321-B51D-4D8D-9B7B-AA4C2E0B2962}.Coverage|Any CPU.Build.0 = Release|Any CPU
		{C0C45321-B51D-4D8D-9B7B-AA4C2E0B2962}.Debug|Any CPU.ActiveCfg = Debug|Any CPU
		{C0C45321-B51D-4D8D-9B7B-AA4C2E0B2962}.Debug|Any CPU.Build.0 = Debug|Any CPU
		{C0C45321-B51D-4D8D-9B7B-AA4C2E0B2962}.FxCop|Any CPU.ActiveCfg = Release|Any CPU
		{C0C45321-B51D-4D8D-9B7B-AA4C2E0B2962}.FxCop|Any CPU.Build.0 = Release|Any CPU
		{C0C45321-B51D-4D8D-9B7B-AA4C2E0B2962}.Release|Any CPU.ActiveCfg = Release|Any CPU
		{C0C45321-B51D-4D8D-9B7B-AA4C2E0B2962}.Release|Any CPU.Build.0 = Release|Any CPU
		{94E694A2-D140-468D-A277-C5FCE1D13E9B}.CodeCoverage|Any CPU.ActiveCfg = Release|Any CPU
		{94E694A2-D140-468D-A277-C5FCE1D13E9B}.CodeCoverage|Any CPU.Build.0 = Release|Any CPU
		{94E694A2-D140-468D-A277-C5FCE1D13E9B}.Coverage|Any CPU.ActiveCfg = Release|Any CPU
		{94E694A2-D140-468D-A277-C5FCE1D13E9B}.Coverage|Any CPU.Build.0 = Release|Any CPU
		{94E694A2-D140-468D-A277-C5FCE1D13E9B}.Debug|Any CPU.ActiveCfg = Debug|Any CPU
		{94E694A2-D140-468D-A277-C5FCE1D13E9B}.Debug|Any CPU.Build.0 = Debug|Any CPU
		{94E694A2-D140-468D-A277-C5FCE1D13E9B}.FxCop|Any CPU.ActiveCfg = Release|Any CPU
		{94E694A2-D140-468D-A277-C5FCE1D13E9B}.FxCop|Any CPU.Build.0 = Release|Any CPU
		{94E694A2-D140-468D-A277-C5FCE1D13E9B}.Release|Any CPU.ActiveCfg = Release|Any CPU
		{94E694A2-D140-468D-A277-C5FCE1D13E9B}.Release|Any CPU.Build.0 = Release|Any CPU
		{7354DF37-934B-46CF-A13C-455D5F5F5413}.CodeCoverage|Any CPU.ActiveCfg = Release|Any CPU
		{7354DF37-934B-46CF-A13C-455D5F5F5413}.CodeCoverage|Any CPU.Build.0 = Release|Any CPU
		{7354DF37-934B-46CF-A13C-455D5F5F5413}.Coverage|Any CPU.ActiveCfg = Release|Any CPU
		{7354DF37-934B-46CF-A13C-455D5F5F5413}.Coverage|Any CPU.Build.0 = Release|Any CPU
		{7354DF37-934B-46CF-A13C-455D5F5F5413}.Debug|Any CPU.ActiveCfg = Debug|Any CPU
		{7354DF37-934B-46CF-A13C-455D5F5F5413}.Debug|Any CPU.Build.0 = Debug|Any CPU
		{7354DF37-934B-46CF-A13C-455D5F5F5413}.FxCop|Any CPU.ActiveCfg = Release|Any CPU
		{7354DF37-934B-46CF-A13C-455D5F5F5413}.FxCop|Any CPU.Build.0 = Release|Any CPU
		{7354DF37-934B-46CF-A13C-455D5F5F5413}.Release|Any CPU.ActiveCfg = Release|Any CPU
		{7354DF37-934B-46CF-A13C-455D5F5F5413}.Release|Any CPU.Build.0 = Release|Any CPU
		{33B1BC8D-E292-4972-A363-22056B207156}.CodeCoverage|Any CPU.ActiveCfg = Release|Any CPU
		{33B1BC8D-E292-4972-A363-22056B207156}.CodeCoverage|Any CPU.Build.0 = Release|Any CPU
		{33B1BC8D-E292-4972-A363-22056B207156}.Coverage|Any CPU.ActiveCfg = Release|Any CPU
		{33B1BC8D-E292-4972-A363-22056B207156}.Coverage|Any CPU.Build.0 = Release|Any CPU
		{33B1BC8D-E292-4972-A363-22056B207156}.Debug|Any CPU.ActiveCfg = Debug|Any CPU
		{33B1BC8D-E292-4972-A363-22056B207156}.Debug|Any CPU.Build.0 = Debug|Any CPU
		{33B1BC8D-E292-4972-A363-22056B207156}.FxCop|Any CPU.ActiveCfg = Release|Any CPU
		{33B1BC8D-E292-4972-A363-22056B207156}.FxCop|Any CPU.Build.0 = Release|Any CPU
		{33B1BC8D-E292-4972-A363-22056B207156}.Release|Any CPU.ActiveCfg = Release|Any CPU
		{33B1BC8D-E292-4972-A363-22056B207156}.Release|Any CPU.Build.0 = Release|Any CPU
		{0DFA2E10-96C8-4E05-BC10-B710B97ECCDE}.CodeCoverage|Any CPU.ActiveCfg = Release|Any CPU
		{0DFA2E10-96C8-4E05-BC10-B710B97ECCDE}.CodeCoverage|Any CPU.Build.0 = Release|Any CPU
		{0DFA2E10-96C8-4E05-BC10-B710B97ECCDE}.Coverage|Any CPU.ActiveCfg = Release|Any CPU
		{0DFA2E10-96C8-4E05-BC10-B710B97ECCDE}.Coverage|Any CPU.Build.0 = Release|Any CPU
		{0DFA2E10-96C8-4E05-BC10-B710B97ECCDE}.Debug|Any CPU.ActiveCfg = Debug|Any CPU
		{0DFA2E10-96C8-4E05-BC10-B710B97ECCDE}.Debug|Any CPU.Build.0 = Debug|Any CPU
		{0DFA2E10-96C8-4E05-BC10-B710B97ECCDE}.FxCop|Any CPU.ActiveCfg = Release|Any CPU
		{0DFA2E10-96C8-4E05-BC10-B710B97ECCDE}.FxCop|Any CPU.Build.0 = Release|Any CPU
		{0DFA2E10-96C8-4E05-BC10-B710B97ECCDE}.Release|Any CPU.ActiveCfg = Release|Any CPU
		{0DFA2E10-96C8-4E05-BC10-B710B97ECCDE}.Release|Any CPU.Build.0 = Release|Any CPU
	EndGlobalSection
	GlobalSection(SolutionProperties) = preSolution
		HideSolutionNode = FALSE
	EndGlobalSection
	GlobalSection(NestedProjects) = preSolution
		{53B42C1F-2A9C-43F5-90C2-94C0D002C86F} = {541DC160-D4F9-4DE7-B119-B504442F76F1}
		{CB70A642-8CEC-4DDE-8C9F-AD08900EC98D} = {541DC160-D4F9-4DE7-B119-B504442F76F1}
		{E8024E69-A92A-4264-8FD3-9878C689837C} = {909562F5-C68D-434E-B2BB-AA0843ED7698}
		{66FCCD76-2761-47E3-8D11-B45D0001DDAA} = {909562F5-C68D-434E-B2BB-AA0843ED7698}
		{F301EF7D-F19C-4D83-AA94-CB64F29C037D} = {909562F5-C68D-434E-B2BB-AA0843ED7698}
		{9F68EB9E-D609-4DFA-85B6-1F642DB80E6D} = {909562F5-C68D-434E-B2BB-AA0843ED7698}
		{A60729BC-D7E2-4554-AA49-C29D76E0A898} = {909562F5-C68D-434E-B2BB-AA0843ED7698}
		{D87E3B20-7088-4728-9BDC-7B8FF8DCE06D} = {909562F5-C68D-434E-B2BB-AA0843ED7698}
		{BD9AEC06-5C81-4221-A817-408FB0C4B6C0} = {909562F5-C68D-434E-B2BB-AA0843ED7698}
		{02210E84-AE96-4CAD-9127-C7840308C396} = {909562F5-C68D-434E-B2BB-AA0843ED7698}
		{1579E706-CD05-4339-A19C-6778E586EC03} = {909562F5-C68D-434E-B2BB-AA0843ED7698}
		{642A49D7-8752-4177-80D6-BFBBCFAD3DE0} = {909562F5-C68D-434E-B2BB-AA0843ED7698}
		{8F116B06-1C0E-4E4C-9A0A-D2FAB851E768} = {909562F5-C68D-434E-B2BB-AA0843ED7698}
		{17F86780-9A1F-4AA1-86F1-875EEC2730C7} = {909562F5-C68D-434E-B2BB-AA0843ED7698}
		{816560FF-2267-4CA1-8E24-635431F8D8C8} = {909562F5-C68D-434E-B2BB-AA0843ED7698}
		{DFD137A2-DDB5-4D22-BE0D-FA9AD4C8B059} = {909562F5-C68D-434E-B2BB-AA0843ED7698}
		{7BF518B5-DC57-4E5D-99C4-553DF5D89FF4} = {909562F5-C68D-434E-B2BB-AA0843ED7698}
		{C8EA0D61-05BA-404F-B658-F75DB9DE2D61} = {909562F5-C68D-434E-B2BB-AA0843ED7698}
		{FC1D74E8-7A4D-48F4-83DE-95C6173780C4} = {909562F5-C68D-434E-B2BB-AA0843ED7698}
		{F10B6E1F-27A1-4383-862C-3437B6E73827} = {909562F5-C68D-434E-B2BB-AA0843ED7698}
		{D10AD48F-407D-4DB5-A328-173EC7CB010F} = {909562F5-C68D-434E-B2BB-AA0843ED7698}
		{99002B65-86F7-415E-BF4A-381AA8AB9CCC} = {909562F5-C68D-434E-B2BB-AA0843ED7698}
		{5D13EF34-8B39-4EC5-847F-E12892ACF841} = {909562F5-C68D-434E-B2BB-AA0843ED7698}
		{8C7FCBC2-E6E1-405E-BFB5-D8D9E67A09C4} = {909562F5-C68D-434E-B2BB-AA0843ED7698}
		{60B1218D-B9A3-468B-8B7A-9C90A057168B} = {909562F5-C68D-434E-B2BB-AA0843ED7698}
		{CDE24A24-01D3-403C-84B9-37722E18DFB7} = {909562F5-C68D-434E-B2BB-AA0843ED7698}
		{6F759635-13D7-4E94-BCC9-80445D63F117} = {909562F5-C68D-434E-B2BB-AA0843ED7698}
		{79AED36E-ABD0-4747-93D3-8722B042454B} = {909562F5-C68D-434E-B2BB-AA0843ED7698}
		{194D3CCC-1153-474D-8176-FDE8D7D0D0BD} = {909562F5-C68D-434E-B2BB-AA0843ED7698}
		{7059493C-8251-4764-9C1E-2368B8B485BC} = {909562F5-C68D-434E-B2BB-AA0843ED7698}
		{2AD6973D-C7BB-416E-89FE-EEE34664E05F} = {909562F5-C68D-434E-B2BB-AA0843ED7698}
		{C889167C-E52C-4A65-A419-224B3D1B957D} = {909562F5-C68D-434E-B2BB-AA0843ED7698}
		{475B6C45-B27C-438B-8966-908B9D6D1077} = {909562F5-C68D-434E-B2BB-AA0843ED7698}
		{C0C45321-B51D-4D8D-9B7B-AA4C2E0B2962} = {909562F5-C68D-434E-B2BB-AA0843ED7698}
		{94E694A2-D140-468D-A277-C5FCE1D13E9B} = {0E5E74BB-E4BA-4770-8537-0080AEFA715E}
		{7354DF37-934B-46CF-A13C-455D5F5F5413} = {0E5E74BB-E4BA-4770-8537-0080AEFA715E}
		{ABC826D4-2FA1-4F2F-87DE-E6095F653810} = {5C170F6B-6E28-4E6A-B5F5-082D99FC12A6}
		{F112851D-B023-4746-B6B1-8D2E5AD8F7AA} = {5C170F6B-6E28-4E6A-B5F5-082D99FC12A6}
		{2FC1D9C8-446D-4414-B252-5E9FBE61EB63} = {5C170F6B-6E28-4E6A-B5F5-082D99FC12A6}
		{6CB3EB30-F725-45C0-9742-42599BA8E8D2} = {5C170F6B-6E28-4E6A-B5F5-082D99FC12A6}
		{33B1BC8D-E292-4972-A363-22056B207156} = {D0288186-A66A-4E2C-8824-5E617CCB8783}
		{0DFA2E10-96C8-4E05-BC10-B710B97ECCDE} = {D0288186-A66A-4E2C-8824-5E617CCB8783}
	EndGlobalSection
EndGlobal
